// !$*UTF8*$!
{
	archiveVersion = 1;
	classes = {
	};
	objectVersion = 56;
	objects = {

/* Begin PBXBuildFile section */
		B7546F4D29F71E7800ECA012 /* CloudinaryUploadApp.swift in Sources */ = {isa = PBXBuildFile; fileRef = B7546F4C29F71E7800ECA012 /* CloudinaryUploadApp.swift */; };
		B7546F4F29F71E7800ECA012 /* ContentView.swift in Sources */ = {isa = PBXBuildFile; fileRef = B7546F4E29F71E7800ECA012 /* ContentView.swift */; };
		B7546F5129F71E7900ECA012 /* Assets.xcassets in Resources */ = {isa = PBXBuildFile; fileRef = B7546F5029F71E7900ECA012 /* Assets.xcassets */; };
		B7546F5429F71E7900ECA012 /* Preview Assets.xcassets in Resources */ = {isa = PBXBuildFile; fileRef = B7546F5329F71E7900ECA012 /* Preview Assets.xcassets */; };
		B7546F5B29F722EF00ECA012 /* ImagePicker.swift in Sources */ = {isa = PBXBuildFile; fileRef = B7546F5A29F722EF00ECA012 /* ImagePicker.swift */; };
		B774AE1D29F7293C005FD9E3 /* Cloudinary in Frameworks */ = {isa = PBXBuildFile; productRef = B774AE1C29F7293C005FD9E3 /* Cloudinary */; };
		B774AE1F29F733F9005FD9E3 /* env.plist in Resources */ = {isa = PBXBuildFile; fileRef = B774AE1E29F733F9005FD9E3 /* env.plist */; };
		B7839C7D29F8706B009064AA /* Food.swift in Sources */ = {isa = PBXBuildFile; fileRef = B7839C7C29F8706B009064AA /* Food.swift */; };
/* End PBXBuildFile section */

/* Begin PBXFileReference section */
		B7546F4929F71E7800ECA012 /* CloudinaryUpload.app */ = {isa = PBXFileReference; explicitFileType = wrapper.application; includeInIndex = 0; path = CloudinaryUpload.app; sourceTree = BUILT_PRODUCTS_DIR; };
		B7546F4C29F71E7800ECA012 /* CloudinaryUploadApp.swift */ = {isa = PBXFileReference; lastKnownFileType = sourcecode.swift; path = CloudinaryUploadApp.swift; sourceTree = "<group>"; };
		B7546F4E29F71E7800ECA012 /* ContentView.swift */ = {isa = PBXFileReference; lastKnownFileType = sourcecode.swift; path = ContentView.swift; sourceTree = "<group>"; };
		B7546F5029F71E7900ECA012 /* Assets.xcassets */ = {isa = PBXFileReference; lastKnownFileType = folder.assetcatalog; path = Assets.xcassets; sourceTree = "<group>"; };
		B7546F5329F71E7900ECA012 /* Preview Assets.xcassets */ = {isa = PBXFileReference; lastKnownFileType = folder.assetcatalog; path = "Preview Assets.xcassets"; sourceTree = "<group>"; };
		B7546F5A29F722EF00ECA012 /* ImagePicker.swift */ = {isa = PBXFileReference; lastKnownFileType = sourcecode.swift; path = ImagePicker.swift; sourceTree = "<group>"; };
		B774AE1A29F7259C005FD9E3 /* Info.plist */ = {isa = PBXFileReference; lastKnownFileType = text.plist; path = Info.plist; sourceTree = "<group>"; };
		B774AE1E29F733F9005FD9E3 /* env.plist */ = {isa = PBXFileReference; lastKnownFileType = text.plist.xml; path = env.plist; sourceTree = "<group>"; };
		B7839C7C29F8706B009064AA /* Food.swift */ = {isa = PBXFileReference; lastKnownFileType = sourcecode.swift; path = Food.swift; sourceTree = "<group>"; };
/* End PBXFileReference section */

/* Begin PBXFrameworksBuildPhase section */
		B7546F4629F71E7800ECA012 /* Frameworks */ = {
			isa = PBXFrameworksBuildPhase;
			buildActionMask = 2147483647;
			files = (
				B774AE1D29F7293C005FD9E3 /* Cloudinary in Frameworks */,
			);
			runOnlyForDeploymentPostprocessing = 0;
		};
/* End PBXFrameworksBuildPhase section */

/* Begin PBXGroup section */
		B7546F4029F71E7800ECA012 = {
			isa = PBXGroup;
			children = (
				B7546F4B29F71E7800ECA012 /* CloudinaryUpload */,
				B7546F4A29F71E7800ECA012 /* Products */,
			);
			sourceTree = "<group>";
		};
		B7546F4A29F71E7800ECA012 /* Products */ = {
			isa = PBXGroup;
			children = (
				B7546F4929F71E7800ECA012 /* CloudinaryUpload.app */,
			);
			name = Products;
			sourceTree = "<group>";
		};
		B7546F4B29F71E7800ECA012 /* CloudinaryUpload */ = {
			isa = PBXGroup;
			children = (
				B7839C7B29F87060009064AA /* Models */,
				B7546F4C29F71E7800ECA012 /* CloudinaryUploadApp.swift */,
				B7546F4E29F71E7800ECA012 /* ContentView.swift */,
				B7546F5A29F722EF00ECA012 /* ImagePicker.swift */,
				B7546F5029F71E7900ECA012 /* Assets.xcassets */,
				B774AE1E29F733F9005FD9E3 /* env.plist */,
				B774AE1A29F7259C005FD9E3 /* Info.plist */,
				B7546F5229F71E7900ECA012 /* Preview Content */,
			);
			path = CloudinaryUpload;
			sourceTree = "<group>";
		};
		B7546F5229F71E7900ECA012 /* Preview Content */ = {
			isa = PBXGroup;
			children = (
				B7546F5329F71E7900ECA012 /* Preview Assets.xcassets */,
			);
			path = "Preview Content";
			sourceTree = "<group>";
		};
		B7839C7B29F87060009064AA /* Models */ = {
			isa = PBXGroup;
			children = (
				B7839C7C29F8706B009064AA /* Food.swift */,
			);
			path = Models;
			sourceTree = "<group>";
		};
/* End PBXGroup section */

/* Begin PBXNativeTarget section */
		B7546F4829F71E7800ECA012 /* CloudinaryUpload */ = {
			isa = PBXNativeTarget;
			buildConfigurationList = B7546F5729F71E7900ECA012 /* Build configuration list for PBXNativeTarget "CloudinaryUpload" */;
			buildPhases = (
				B7546F4529F71E7800ECA012 /* Sources */,
				B7546F4629F71E7800ECA012 /* Frameworks */,
				B7546F4729F71E7800ECA012 /* Resources */,
			);
			buildRules = (
			);
			dependencies = (
			);
			name = CloudinaryUpload;
			packageProductDependencies = (
				B774AE1C29F7293C005FD9E3 /* Cloudinary */,
			);
			productName = CloudinaryUpload;
			productReference = B7546F4929F71E7800ECA012 /* CloudinaryUpload.app */;
			productType = "com.apple.product-type.application";
		};
/* End PBXNativeTarget section */

/* Begin PBXProject section */
		B7546F4129F71E7800ECA012 /* Project object */ = {
			isa = PBXProject;
			attributes = {
				BuildIndependentTargetsInParallel = 1;
				LastSwiftUpdateCheck = 1430;
				LastUpgradeCheck = 1430;
				TargetAttributes = {
					B7546F4829F71E7800ECA012 = {
						CreatedOnToolsVersion = 14.3;
					};
				};
			};
			buildConfigurationList = B7546F4429F71E7800ECA012 /* Build configuration list for PBXProject "CloudinaryUpload" */;
			compatibilityVersion = "Xcode 14.0";
			developmentRegion = en;
			hasScannedForEncodings = 0;
			knownRegions = (
				en,
				Base,
			);
			mainGroup = B7546F4029F71E7800ECA012;
			packageReferences = (
				B774AE1B29F7293C005FD9E3 /* XCRemoteSwiftPackageReference "cloudinary_ios" */,
			);
			productRefGroup = B7546F4A29F71E7800ECA012 /* Products */;
			projectDirPath = "";
			projectRoot = "";
			targets = (
				B7546F4829F71E7800ECA012 /* CloudinaryUpload */,
			);
		};
/* End PBXProject section */

/* Begin PBXResourcesBuildPhase section */
		B7546F4729F71E7800ECA012 /* Resources */ = {
			isa = PBXResourcesBuildPhase;
			buildActionMask = 2147483647;
			files = (
				B7546F5429F71E7900ECA012 /* Preview Assets.xcassets in Resources */,
				B7546F5129F71E7900ECA012 /* Assets.xcassets in Resources */,
				B774AE1F29F733F9005FD9E3 /* env.plist in Resources */,
			);
			runOnlyForDeploymentPostprocessing = 0;
		};
/* End PBXResourcesBuildPhase section */

/* Begin PBXSourcesBuildPhase section */
		B7546F4529F71E7800ECA012 /* Sources */ = {
			isa = PBXSourcesBuildPhase;
			buildActionMask = 2147483647;
			files = (
				B7546F5B29F722EF00ECA012 /* ImagePicker.swift in Sources */,
				B7839C7D29F8706B009064AA /* Food.swift in Sources */,
				B7546F4F29F71E7800ECA012 /* ContentView.swift in Sources */,
				B7546F4D29F71E7800ECA012 /* CloudinaryUploadApp.swift in Sources */,
			);
			runOnlyForDeploymentPostprocessing = 0;
		};
/* End PBXSourcesBuildPhase section */

/* Begin XCBuildConfiguration section */
		B7546F5529F71E7900ECA012 /* Debug */ = {
			isa = XCBuildConfiguration;
			buildSettings = {
				ALWAYS_SEARCH_USER_PATHS = NO;
				CLANG_ANALYZER_NONNULL = YES;
				CLANG_ANALYZER_NUMBER_OBJECT_CONVERSION = YES_AGGRESSIVE;
				CLANG_CXX_LANGUAGE_STANDARD = "gnu++20";
				CLANG_ENABLE_MODULES = YES;
				CLANG_ENABLE_OBJC_ARC = YES;
				CLANG_ENABLE_OBJC_WEAK = YES;
				CLANG_WARN_BLOCK_CAPTURE_AUTORELEASING = YES;
				CLANG_WARN_BOOL_CONVERSION = YES;
				CLANG_WARN_COMMA = YES;
				CLANG_WARN_CONSTANT_CONVERSION = YES;
				CLANG_WARN_DEPRECATED_OBJC_IMPLEMENTATIONS = YES;
				CLANG_WARN_DIRECT_OBJC_ISA_USAGE = YES_ERROR;
				CLANG_WARN_DOCUMENTATION_COMMENTS = YES;
				CLANG_WARN_EMPTY_BODY = YES;
				CLANG_WARN_ENUM_CONVERSION = YES;
				CLANG_WARN_INFINITE_RECURSION = YES;
				CLANG_WARN_INT_CONVERSION = YES;
				CLANG_WARN_NON_LITERAL_NULL_CONVERSION = YES;
				CLANG_WARN_OBJC_IMPLICIT_RETAIN_SELF = YES;
				CLANG_WARN_OBJC_LITERAL_CONVERSION = YES;
				CLANG_WARN_OBJC_ROOT_CLASS = YES_ERROR;
				CLANG_WARN_QUOTED_INCLUDE_IN_FRAMEWORK_HEADER = YES;
				CLANG_WARN_RANGE_LOOP_ANALYSIS = YES;
				CLANG_WARN_STRICT_PROTOTYPES = YES;
				CLANG_WARN_SUSPICIOUS_MOVE = YES;
				CLANG_WARN_UNGUARDED_AVAILABILITY = YES_AGGRESSIVE;
				CLANG_WARN_UNREACHABLE_CODE = YES;
				CLANG_WARN__DUPLICATE_METHOD_MATCH = YES;
				COPY_PHASE_STRIP = NO;
				DEBUG_INFORMATION_FORMAT = dwarf;
				ENABLE_STRICT_OBJC_MSGSEND = YES;
				ENABLE_TESTABILITY = YES;
				GCC_C_LANGUAGE_STANDARD = gnu11;
				GCC_DYNAMIC_NO_PIC = NO;
				GCC_NO_COMMON_BLOCKS = YES;
				GCC_OPTIMIZATION_LEVEL = 0;
				GCC_PREPROCESSOR_DEFINITIONS = (
					"DEBUG=1",
					"$(inherited)",
				);
				GCC_WARN_64_TO_32_BIT_CONVERSION = YES;
				GCC_WARN_ABOUT_RETURN_TYPE = YES_ERROR;
				GCC_WARN_UNDECLARED_SELECTOR = YES;
				GCC_WARN_UNINITIALIZED_AUTOS = YES_AGGRESSIVE;
				GCC_WARN_UNUSED_FUNCTION = YES;
				GCC_WARN_UNUSED_VARIABLE = YES;
				IPHONEOS_DEPLOYMENT_TARGET = 16.4;
				MTL_ENABLE_DEBUG_INFO = INCLUDE_SOURCE;
				MTL_FAST_MATH = YES;
				ONLY_ACTIVE_ARCH = YES;
				SDKROOT = iphoneos;
				SWIFT_ACTIVE_COMPILATION_CONDITIONS = DEBUG;
				SWIFT_OPTIMIZATION_LEVEL = "-Onone";
			};
			name = Debug;
		};
		B7546F5629F71E7900ECA012 /* Release */ = {
			isa = XCBuildConfiguration;
			buildSettings = {
				ALWAYS_SEARCH_USER_PATHS = NO;
				CLANG_ANALYZER_NONNULL = YES;
				CLANG_ANALYZER_NUMBER_OBJECT_CONVERSION = YES_AGGRESSIVE;
				CLANG_CXX_LANGUAGE_STANDARD = "gnu++20";
				CLANG_ENABLE_MODULES = YES;
				CLANG_ENABLE_OBJC_ARC = YES;
				CLANG_ENABLE_OBJC_WEAK = YES;
				CLANG_WARN_BLOCK_CAPTURE_AUTORELEASING = YES;
				CLANG_WARN_BOOL_CONVERSION = YES;
				CLANG_WARN_COMMA = YES;
				CLANG_WARN_CONSTANT_CONVERSION = YES;
				CLANG_WARN_DEPRECATED_OBJC_IMPLEMENTATIONS = YES;
				CLANG_WARN_DIRECT_OBJC_ISA_USAGE = YES_ERROR;
				CLANG_WARN_DOCUMENTATION_COMMENTS = YES;
				CLANG_WARN_EMPTY_BODY = YES;
				CLANG_WARN_ENUM_CONVERSION = YES;
				CLANG_WARN_INFINITE_RECURSION = YES;
				CLANG_WARN_INT_CONVERSION = YES;
				CLANG_WARN_NON_LITERAL_NULL_CONVERSION = YES;
				CLANG_WARN_OBJC_IMPLICIT_RETAIN_SELF = YES;
				CLANG_WARN_OBJC_LITERAL_CONVERSION = YES;
				CLANG_WARN_OBJC_ROOT_CLASS = YES_ERROR;
				CLANG_WARN_QUOTED_INCLUDE_IN_FRAMEWORK_HEADER = YES;
				CLANG_WARN_RANGE_LOOP_ANALYSIS = YES;
				CLANG_WARN_STRICT_PROTOTYPES = YES;
				CLANG_WARN_SUSPICIOUS_MOVE = YES;
				CLANG_WARN_UNGUARDED_AVAILABILITY = YES_AGGRESSIVE;
				CLANG_WARN_UNREACHABLE_CODE = YES;
				CLANG_WARN__DUPLICATE_METHOD_MATCH = YES;
				COPY_PHASE_STRIP = NO;
				DEBUG_INFORMATION_FORMAT = "dwarf-with-dsym";
				ENABLE_NS_ASSERTIONS = NO;
				ENABLE_STRICT_OBJC_MSGSEND = YES;
				GCC_C_LANGUAGE_STANDARD = gnu11;
				GCC_NO_COMMON_BLOCKS = YES;
				GCC_WARN_64_TO_32_BIT_CONVERSION = YES;
				GCC_WARN_ABOUT_RETURN_TYPE = YES_ERROR;
				GCC_WARN_UNDECLARED_SELECTOR = YES;
				GCC_WARN_UNINITIALIZED_AUTOS = YES_AGGRESSIVE;
				GCC_WARN_UNUSED_FUNCTION = YES;
				GCC_WARN_UNUSED_VARIABLE = YES;
				IPHONEOS_DEPLOYMENT_TARGET = 16.4;
				MTL_ENABLE_DEBUG_INFO = NO;
				MTL_FAST_MATH = YES;
				SDKROOT = iphoneos;
				SWIFT_COMPILATION_MODE = wholemodule;
				SWIFT_OPTIMIZATION_LEVEL = "-O";
				VALIDATE_PRODUCT = YES;
			};
			name = Release;
		};
		B7546F5829F71E7900ECA012 /* Debug */ = {
			isa = XCBuildConfiguration;
			buildSettings = {
				ASSETCATALOG_COMPILER_APPICON_NAME = AppIcon;
				ASSETCATALOG_COMPILER_GLOBAL_ACCENT_COLOR_NAME = AccentColor;
				CODE_SIGN_STYLE = Automatic;
				CURRENT_PROJECT_VERSION = 1;
				DEVELOPMENT_ASSET_PATHS = "\"CloudinaryUpload/Preview Content\"";
				DEVELOPMENT_TEAM = 854V78MWGF;
				ENABLE_PREVIEWS = YES;
				GENERATE_INFOPLIST_FILE = YES;
				INFOPLIST_FILE = CloudinaryUpload/Info.plist;
				INFOPLIST_KEY_NSCameraUsageDescription = "We need access to your camera to be able to open it";
				INFOPLIST_KEY_UIApplicationSceneManifest_Generation = YES;
				INFOPLIST_KEY_UIApplicationSupportsIndirectInputEvents = YES;
				INFOPLIST_KEY_UILaunchScreen_Generation = YES;
				INFOPLIST_KEY_UISupportedInterfaceOrientations_iPad = "UIInterfaceOrientationPortrait UIInterfaceOrientationPortraitUpsideDown UIInterfaceOrientationLandscapeLeft UIInterfaceOrientationLandscapeRight";
				INFOPLIST_KEY_UISupportedInterfaceOrientations_iPhone = "UIInterfaceOrientationPortrait UIInterfaceOrientationLandscapeLeft UIInterfaceOrientationLandscapeRight";
				LD_RUNPATH_SEARCH_PATHS = (
					"$(inherited)",
					"@executable_path/Frameworks",
				);
				MARKETING_VERSION = 1.0;
				PRODUCT_BUNDLE_IDENTIFIER = io.jakequinter.CloudinaryUpload;
				PRODUCT_NAME = "$(TARGET_NAME)";
				SWIFT_EMIT_LOC_STRINGS = YES;
				SWIFT_VERSION = 5.0;
				TARGETED_DEVICE_FAMILY = "1,2";
			};
			name = Debug;
		};
		B7546F5929F71E7900ECA012 /* Release */ = {
			isa = XCBuildConfiguration;
			buildSettings = {
				ASSETCATALOG_COMPILER_APPICON_NAME = AppIcon;
				ASSETCATALOG_COMPILER_GLOBAL_ACCENT_COLOR_NAME = AccentColor;
				CODE_SIGN_STYLE = Automatic;
				CURRENT_PROJECT_VERSION = 1;
				DEVELOPMENT_ASSET_PATHS = "\"CloudinaryUpload/Preview Content\"";
				DEVELOPMENT_TEAM = 854V78MWGF;
				ENABLE_PREVIEWS = YES;
				GENERATE_INFOPLIST_FILE = YES;
				INFOPLIST_FILE = CloudinaryUpload/Info.plist;
				INFOPLIST_KEY_NSCameraUsageDescription = "We need access to your camera to be able to open it";
				INFOPLIST_KEY_UIApplicationSceneManifest_Generation = YES;
				INFOPLIST_KEY_UIApplicationSupportsIndirectInputEvents = YES;
				INFOPLIST_KEY_UILaunchScreen_Generation = YES;
				INFOPLIST_KEY_UISupportedInterfaceOrientations_iPad = "UIInterfaceOrientationPortrait UIInterfaceOrientationPortraitUpsideDown UIInterfaceOrientationLandscapeLeft UIInterfaceOrientationLandscapeRight";
				INFOPLIST_KEY_UISupportedInterfaceOrientations_iPhone = "UIInterfaceOrientationPortrait UIInterfaceOrientationLandscapeLeft UIInterfaceOrientationLandscapeRight";
				LD_RUNPATH_SEARCH_PATHS = (
					"$(inherited)",
					"@executable_path/Frameworks",
				);
				MARKETING_VERSION = 1.0;
				PRODUCT_BUNDLE_IDENTIFIER = io.jakequinter.CloudinaryUpload;
				PRODUCT_NAME = "$(TARGET_NAME)";
				SWIFT_EMIT_LOC_STRINGS = YES;
				SWIFT_VERSION = 5.0;
				TARGETED_DEVICE_FAMILY = "1,2";
			};
			name = Release;
		};
/* End XCBuildConfiguration section */

/* Begin XCConfigurationList section */
		B7546F4429F71E7800ECA012 /* Build configuration list for PBXProject "CloudinaryUpload" */ = {
			isa = XCConfigurationList;
			buildConfigurations = (
				B7546F5529F71E7900ECA012 /* Debug */,
				B7546F5629F71E7900ECA012 /* Release */,
			);
			defaultConfigurationIsVisible = 0;
			defaultConfigurationName = Release;
		};
		B7546F5729F71E7900ECA012 /* Build configuration list for PBXNativeTarget "CloudinaryUpload" */ = {
			isa = XCConfigurationList;
			buildConfigurations = (
				B7546F5829F71E7900ECA012 /* Debug */,
				B7546F5929F71E7900ECA012 /* Release */,
			);
			defaultConfigurationIsVisible = 0;
			defaultConfigurationName = Release;
		};
/* End XCConfigurationList section */

/* Begin XCRemoteSwiftPackageReference section */
		B774AE1B29F7293C005FD9E3 /* XCRemoteSwiftPackageReference "cloudinary_ios" */ = {
			isa = XCRemoteSwiftPackageReference;
			repositoryURL = "https://github.com/cloudinary/cloudinary_ios.git";
			requirement = {
				kind = upToNextMajorVersion;
				minimumVersion = 3.0.0;
			};
		};
/* End XCRemoteSwiftPackageReference section */

/* Begin XCSwiftPackageProductDependency section */
		B774AE1C29F7293C005FD9E3 /* Cloudinary */ = {
			isa = XCSwiftPackageProductDependency;
			package = B774AE1B29F7293C005FD9E3 /* XCRemoteSwiftPackageReference "cloudinary_ios" */;
			productName = Cloudinary;
		};
/* End XCSwiftPackageProductDependency section */
	};
	rootObject = B7546F4129F71E7800ECA012 /* Project object */;
}
